// !$*UTF8*$!
{
	archiveVersion = 1;
	classes = {
	};
	objectVersion = 56;
	objects = {

/* Begin PBXBuildFile section */
		9D851CB52939ED7D00CFB540 /* AppDelegate.swift in Sources */ = {isa = PBXBuildFile; fileRef = 9D851CB42939ED7D00CFB540 /* AppDelegate.swift */; };
		9D851CB72939ED7D00CFB540 /* SceneDelegate.swift in Sources */ = {isa = PBXBuildFile; fileRef = 9D851CB62939ED7D00CFB540 /* SceneDelegate.swift */; };
		9D851CB92939ED7D00CFB540 /* ViewController.swift in Sources */ = {isa = PBXBuildFile; fileRef = 9D851CB82939ED7D00CFB540 /* ViewController.swift */; };
		9D851CBC2939ED7D00CFB540 /* Main.storyboard in Resources */ = {isa = PBXBuildFile; fileRef = 9D851CBA2939ED7D00CFB540 /* Main.storyboard */; };
		9D851CBE2939ED7E00CFB540 /* Assets.xcassets in Resources */ = {isa = PBXBuildFile; fileRef = 9D851CBD2939ED7E00CFB540 /* Assets.xcassets */; };
		9D851CC12939ED7E00CFB540 /* LaunchScreen.storyboard in Resources */ = {isa = PBXBuildFile; fileRef = 9D851CBF2939ED7E00CFB540 /* LaunchScreen.storyboard */; };
/* End PBXBuildFile section */

/* Begin PBXFileReference section */
		9D851CB12939ED7D00CFB540 /* List and Search.app */ = {isa = PBXFileReference; explicitFileType = wrapper.application; includeInIndex = 0; path = "List and Search.app"; sourceTree = BUILT_PRODUCTS_DIR; };
		9D851CB42939ED7D00CFB540 /* AppDelegate.swift */ = {isa = PBXFileReference; lastKnownFileType = sourcecode.swift; path = AppDelegate.swift; sourceTree = "<group>"; };
		9D851CB62939ED7D00CFB540 /* SceneDelegate.swift */ = {isa = PBXFileReference; lastKnownFileType = sourcecode.swift; path = SceneDelegate.swift; sourceTree = "<group>"; };
		9D851CB82939ED7D00CFB540 /* ViewController.swift */ = {isa = PBXFileReference; lastKnownFileType = sourcecode.swift; path = ViewController.swift; sourceTree = "<group>"; };
		9D851CBB2939ED7D00CFB540 /* Base */ = {isa = PBXFileReference; lastKnownFileType = file.storyboard; name = Base; path = Base.lproj/Main.storyboard; sourceTree = "<group>"; };
		9D851CBD2939ED7E00CFB540 /* Assets.xcassets */ = {isa = PBXFileReference; lastKnownFileType = folder.assetcatalog; path = Assets.xcassets; sourceTree = "<group>"; };
		9D851CC02939ED7E00CFB540 /* Base */ = {isa = PBXFileReference; lastKnownFileType = file.storyboard; name = Base; path = Base.lproj/LaunchScreen.storyboard; sourceTree = "<group>"; };
		9D851CC22939ED7E00CFB540 /* Info.plist */ = {isa = PBXFileReference; lastKnownFileType = text.plist.xml; path = Info.plist; sourceTree = "<group>"; };
/* End PBXFileReference section */

/* Begin PBXFrameworksBuildPhase section */
		9D851CAE2939ED7D00CFB540 /* Frameworks */ = {
			isa = PBXFrameworksBuildPhase;
			buildActionMask = 2147483647;
			files = (
			);
			runOnlyForDeploymentPostprocessing = 0;
		};
/* End PBXFrameworksBuildPhase section */

/* Begin PBXGroup section */
		9D851CA82939ED7D00CFB540 = {
			isa = PBXGroup;
			children = (
				9D851CB32939ED7D00CFB540 /* List and Search */,
				9D851CB22939ED7D00CFB540 /* Products */,
			);
			sourceTree = "<group>";
		};
		9D851CB22939ED7D00CFB540 /* Products */ = {
			isa = PBXGroup;
			children = (
				9D851CB12939ED7D00CFB540 /* List and Search.app */,
			);
			name = Products;
			sourceTree = "<group>";
		};
		9D851CB32939ED7D00CFB540 /* List and Search */ = {
			isa = PBXGroup;
			children = (
				9D851CC82939EDC800CFB540 /* App */,
				9D851CC92939EDE700CFB540 /* Scenes */,
			);
			path = "List and Search";
			sourceTree = "<group>";
		};
		9D851CC82939EDC800CFB540 /* App */ = {
			isa = PBXGroup;
			children = (
				9D851CCD2939EE2700CFB540 /* Launch Screen */,
				9D851CCC2939EE1400CFB540 /* Plist */,
				9D851CCB2939EDFB00CFB540 /* Assets */,
				9D851CCA2939EDF000CFB540 /* Delegate */,
			);
			path = App;
			sourceTree = "<group>";
		};
		9D851CC92939EDE700CFB540 /* Scenes */ = {
			isa = PBXGroup;
			children = (
				9D851CCF2939EE5300CFB540 /* Controller */,
				9D851CCE2939EE5000CFB540 /* View */,
			);
			path = Scenes;
			sourceTree = "<group>";
		};
		9D851CCA2939EDF000CFB540 /* Delegate */ = {
			isa = PBXGroup;
			children = (
				9D851CB42939ED7D00CFB540 /* AppDelegate.swift */,
				9D851CB62939ED7D00CFB540 /* SceneDelegate.swift */,
			);
			path = Delegate;
			sourceTree = "<group>";
		};
		9D851CCB2939EDFB00CFB540 /* Assets */ = {
			isa = PBXGroup;
			children = (
				9D851CBD2939ED7E00CFB540 /* Assets.xcassets */,
			);
			path = Assets;
			sourceTree = "<group>";
		};
		9D851CCC2939EE1400CFB540 /* Plist */ = {
			isa = PBXGroup;
			children = (
				9D851CC22939ED7E00CFB540 /* Info.plist */,
			);
			path = Plist;
			sourceTree = "<group>";
		};
		9D851CCD2939EE2700CFB540 /* Launch Screen */ = {
			isa = PBXGroup;
			children = (
				9D851CBF2939ED7E00CFB540 /* LaunchScreen.storyboard */,
			);
			path = "Launch Screen";
			sourceTree = "<group>";
		};
		9D851CCE2939EE5000CFB540 /* View */ = {
			isa = PBXGroup;
			children = (
				9D851CBA2939ED7D00CFB540 /* Main.storyboard */,
			);
			path = View;
			sourceTree = "<group>";
		};
		9D851CCF2939EE5300CFB540 /* Controller */ = {
			isa = PBXGroup;
			children = (
				9D851CB82939ED7D00CFB540 /* ViewController.swift */,
			);
			path = Controller;
			sourceTree = "<group>";
		};
/* End PBXGroup section */

/* Begin PBXNativeTarget section */
		9D851CB02939ED7D00CFB540 /* List and Search */ = {
			isa = PBXNativeTarget;
			buildConfigurationList = 9D851CC52939ED7E00CFB540 /* Build configuration list for PBXNativeTarget "List and Search" */;
			buildPhases = (
				9D851CAD2939ED7D00CFB540 /* Sources */,
				9D851CAE2939ED7D00CFB540 /* Frameworks */,
				9D851CAF2939ED7D00CFB540 /* Resources */,
			);
			buildRules = (
			);
			dependencies = (
			);
			name = "List and Search";
			productName = "List and Search";
			productReference = 9D851CB12939ED7D00CFB540 /* List and Search.app */;
			productType = "com.apple.product-type.application";
		};
/* End PBXNativeTarget section */

/* Begin PBXProject section */
		9D851CA92939ED7D00CFB540 /* Project object */ = {
			isa = PBXProject;
			attributes = {
				BuildIndependentTargetsInParallel = 1;
				LastSwiftUpdateCheck = 1410;
				LastUpgradeCheck = 1410;
				TargetAttributes = {
					9D851CB02939ED7D00CFB540 = {
						CreatedOnToolsVersion = 14.1;
					};
				};
			};
			buildConfigurationList = 9D851CAC2939ED7D00CFB540 /* Build configuration list for PBXProject "List and Search" */;
			compatibilityVersion = "Xcode 14.0";
			developmentRegion = en;
			hasScannedForEncodings = 0;
			knownRegions = (
				en,
				Base,
			);
			mainGroup = 9D851CA82939ED7D00CFB540;
			productRefGroup = 9D851CB22939ED7D00CFB540 /* Products */;
			projectDirPath = "";
			projectRoot = "";
			targets = (
				9D851CB02939ED7D00CFB540 /* List and Search */,
			);
		};
/* End PBXProject section */

/* Begin PBXResourcesBuildPhase section */
		9D851CAF2939ED7D00CFB540 /* Resources */ = {
			isa = PBXResourcesBuildPhase;
			buildActionMask = 2147483647;
			files = (
				9D851CC12939ED7E00CFB540 /* LaunchScreen.storyboard in Resources */,
				9D851CBE2939ED7E00CFB540 /* Assets.xcassets in Resources */,
				9D851CBC2939ED7D00CFB540 /* Main.storyboard in Resources */,
			);
			runOnlyForDeploymentPostprocessing = 0;
		};
/* End PBXResourcesBuildPhase section */

/* Begin PBXSourcesBuildPhase section */
		9D851CAD2939ED7D00CFB540 /* Sources */ = {
			isa = PBXSourcesBuildPhase;
			buildActionMask = 2147483647;
			files = (
				9D851CB92939ED7D00CFB540 /* ViewController.swift in Sources */,
				9D851CB52939ED7D00CFB540 /* AppDelegate.swift in Sources */,
				9D851CB72939ED7D00CFB540 /* SceneDelegate.swift in Sources */,
			);
			runOnlyForDeploymentPostprocessing = 0;
		};
/* End PBXSourcesBuildPhase section */

/* Begin PBXVariantGroup section */
		9D851CBA2939ED7D00CFB540 /* Main.storyboard */ = {
			isa = PBXVariantGroup;
			children = (
				9D851CBB2939ED7D00CFB540 /* Base */,
			);
			name = Main.storyboard;
			sourceTree = "<group>";
		};
		9D851CBF2939ED7E00CFB540 /* LaunchScreen.storyboard */ = {
			isa = PBXVariantGroup;
			children = (
				9D851CC02939ED7E00CFB540 /* Base */,
			);
			name = LaunchScreen.storyboard;
			sourceTree = "<group>";
		};
/* End PBXVariantGroup section */

/* Begin XCBuildConfiguration section */
		9D851CC32939ED7E00CFB540 /* Debug */ = {
			isa = XCBuildConfiguration;
			buildSettings = {
				ALWAYS_SEARCH_USER_PATHS = NO;
				CLANG_ANALYZER_NONNULL = YES;
				CLANG_ANALYZER_NUMBER_OBJECT_CONVERSION = YES_AGGRESSIVE;
				CLANG_CXX_LANGUAGE_STANDARD = "gnu++20";
				CLANG_ENABLE_MODULES = YES;
				CLANG_ENABLE_OBJC_ARC = YES;
				CLANG_ENABLE_OBJC_WEAK = YES;
				CLANG_WARN_BLOCK_CAPTURE_AUTORELEASING = YES;
				CLANG_WARN_BOOL_CONVERSION = YES;
				CLANG_WARN_COMMA = YES;
				CLANG_WARN_CONSTANT_CONVERSION = YES;
				CLANG_WARN_DEPRECATED_OBJC_IMPLEMENTATIONS = YES;
				CLANG_WARN_DIRECT_OBJC_ISA_USAGE = YES_ERROR;
				CLANG_WARN_DOCUMENTATION_COMMENTS = YES;
				CLANG_WARN_EMPTY_BODY = YES;
				CLANG_WARN_ENUM_CONVERSION = YES;
				CLANG_WARN_INFINITE_RECURSION = YES;
				CLANG_WARN_INT_CONVERSION = YES;
				CLANG_WARN_NON_LITERAL_NULL_CONVERSION = YES;
				CLANG_WARN_OBJC_IMPLICIT_RETAIN_SELF = YES;
				CLANG_WARN_OBJC_LITERAL_CONVERSION = YES;
				CLANG_WARN_OBJC_ROOT_CLASS = YES_ERROR;
				CLANG_WARN_QUOTED_INCLUDE_IN_FRAMEWORK_HEADER = YES;
				CLANG_WARN_RANGE_LOOP_ANALYSIS = YES;
				CLANG_WARN_STRICT_PROTOTYPES = YES;
				CLANG_WARN_SUSPICIOUS_MOVE = YES;
				CLANG_WARN_UNGUARDED_AVAILABILITY = YES_AGGRESSIVE;
				CLANG_WARN_UNREACHABLE_CODE = YES;
				CLANG_WARN__DUPLICATE_METHOD_MATCH = YES;
				COPY_PHASE_STRIP = NO;
				DEBUG_INFORMATION_FORMAT = dwarf;
				ENABLE_STRICT_OBJC_MSGSEND = YES;
				ENABLE_TESTABILITY = YES;
				GCC_C_LANGUAGE_STANDARD = gnu11;
				GCC_DYNAMIC_NO_PIC = NO;
				GCC_NO_COMMON_BLOCKS = YES;
				GCC_OPTIMIZATION_LEVEL = 0;
				GCC_PREPROCESSOR_DEFINITIONS = (
					"DEBUG=1",
					"$(inherited)",
				);
				GCC_WARN_64_TO_32_BIT_CONVERSION = YES;
				GCC_WARN_ABOUT_RETURN_TYPE = YES_ERROR;
				GCC_WARN_UNDECLARED_SELECTOR = YES;
				GCC_WARN_UNINITIALIZED_AUTOS = YES_AGGRESSIVE;
				GCC_WARN_UNUSED_FUNCTION = YES;
				GCC_WARN_UNUSED_VARIABLE = YES;
				IPHONEOS_DEPLOYMENT_TARGET = 16.0;
				MTL_ENABLE_DEBUG_INFO = INCLUDE_SOURCE;
				MTL_FAST_MATH = YES;
				ONLY_ACTIVE_ARCH = YES;
				SDKROOT = iphoneos;
				SWIFT_ACTIVE_COMPILATION_CONDITIONS = DEBUG;
				SWIFT_OPTIMIZATION_LEVEL = "-Onone";
			};
			name = Debug;
		};
		9D851CC42939ED7E00CFB540 /* Release */ = {
			isa = XCBuildConfiguration;
			buildSettings = {
				ALWAYS_SEARCH_USER_PATHS = NO;
				CLANG_ANALYZER_NONNULL = YES;
				CLANG_ANALYZER_NUMBER_OBJECT_CONVERSION = YES_AGGRESSIVE;
				CLANG_CXX_LANGUAGE_STANDARD = "gnu++20";
				CLANG_ENABLE_MODULES = YES;
				CLANG_ENABLE_OBJC_ARC = YES;
				CLANG_ENABLE_OBJC_WEAK = YES;
				CLANG_WARN_BLOCK_CAPTURE_AUTORELEASING = YES;
				CLANG_WARN_BOOL_CONVERSION = YES;
				CLANG_WARN_COMMA = YES;
				CLANG_WARN_CONSTANT_CONVERSION = YES;
				CLANG_WARN_DEPRECATED_OBJC_IMPLEMENTATIONS = YES;
				CLANG_WARN_DIRECT_OBJC_ISA_USAGE = YES_ERROR;
				CLANG_WARN_DOCUMENTATION_COMMENTS = YES;
				CLANG_WARN_EMPTY_BODY = YES;
				CLANG_WARN_ENUM_CONVERSION = YES;
				CLANG_WARN_INFINITE_RECURSION = YES;
				CLANG_WARN_INT_CONVERSION = YES;
				CLANG_WARN_NON_LITERAL_NULL_CONVERSION = YES;
				CLANG_WARN_OBJC_IMPLICIT_RETAIN_SELF = YES;
				CLANG_WARN_OBJC_LITERAL_CONVERSION = YES;
				CLANG_WARN_OBJC_ROOT_CLASS = YES_ERROR;
				CLANG_WARN_QUOTED_INCLUDE_IN_FRAMEWORK_HEADER = YES;
				CLANG_WARN_RANGE_LOOP_ANALYSIS = YES;
				CLANG_WARN_STRICT_PROTOTYPES = YES;
				CLANG_WARN_SUSPICIOUS_MOVE = YES;
				CLANG_WARN_UNGUARDED_AVAILABILITY = YES_AGGRESSIVE;
				CLANG_WARN_UNREACHABLE_CODE = YES;
				CLANG_WARN__DUPLICATE_METHOD_MATCH = YES;
				COPY_PHASE_STRIP = NO;
				DEBUG_INFORMATION_FORMAT = "dwarf-with-dsym";
				ENABLE_NS_ASSERTIONS = NO;
				ENABLE_STRICT_OBJC_MSGSEND = YES;
				GCC_C_LANGUAGE_STANDARD = gnu11;
				GCC_NO_COMMON_BLOCKS = YES;
				GCC_WARN_64_TO_32_BIT_CONVERSION = YES;
				GCC_WARN_ABOUT_RETURN_TYPE = YES_ERROR;
				GCC_WARN_UNDECLARED_SELECTOR = YES;
				GCC_WARN_UNINITIALIZED_AUTOS = YES_AGGRESSIVE;
				GCC_WARN_UNUSED_FUNCTION = YES;
				GCC_WARN_UNUSED_VARIABLE = YES;
				IPHONEOS_DEPLOYMENT_TARGET = 16.0;
				MTL_ENABLE_DEBUG_INFO = NO;
				MTL_FAST_MATH = YES;
				SDKROOT = iphoneos;
				SWIFT_COMPILATION_MODE = wholemodule;
				SWIFT_OPTIMIZATION_LEVEL = "-O";
				VALIDATE_PRODUCT = YES;
			};
			name = Release;
		};
		9D851CC62939ED7E00CFB540 /* Debug */ = {
			isa = XCBuildConfiguration;
			buildSettings = {
				ASSETCATALOG_COMPILER_APPICON_NAME = AppIcon;
				ASSETCATALOG_COMPILER_GLOBAL_ACCENT_COLOR_NAME = AccentColor;
				CODE_SIGN_STYLE = Automatic;
				CURRENT_PROJECT_VERSION = 1;
				DEVELOPMENT_TEAM = B76Q6KN467;
				GENERATE_INFOPLIST_FILE = YES;
				INFOPLIST_FILE = "List and Search/App/Plist/Info.plist";
				INFOPLIST_KEY_LSApplicationCategoryType = "public.app-category.utilities";
				INFOPLIST_KEY_UIApplicationSupportsIndirectInputEvents = YES;
				INFOPLIST_KEY_UILaunchStoryboardName = LaunchScreen;
				INFOPLIST_KEY_UIMainStoryboardFile = Main;
				INFOPLIST_KEY_UIStatusBarStyle = "";
				INFOPLIST_KEY_UISupportedInterfaceOrientations = "UIInterfaceOrientationLandscapeLeft UIInterfaceOrientationLandscapeRight UIInterfaceOrientationPortrait";
				INFOPLIST_KEY_UISupportedInterfaceOrientations_iPad = "UIInterfaceOrientationLandscapeLeft UIInterfaceOrientationLandscapeRight UIInterfaceOrientationPortrait UIInterfaceOrientationPortraitUpsideDown";
				LD_RUNPATH_SEARCH_PATHS = (
					"$(inherited)",
					"@executable_path/Frameworks",
				);
				MARKETING_VERSION = 0.1;
				PRODUCT_BUNDLE_IDENTIFIER = "com.omerfkzr.List-and-Search";
				PRODUCT_NAME = "$(TARGET_NAME)";
				SUPPORTED_PLATFORMS = "iphoneos iphonesimulator";
				SUPPORTS_MACCATALYST = NO;
				SUPPORTS_MAC_DESIGNED_FOR_IPHONE_IPAD = NO;
				SWIFT_EMIT_LOC_STRINGS = YES;
				SWIFT_VERSION = 5.0;
				TARGETED_DEVICE_FAMILY = 1;
			};
			name = Debug;
		};
		9D851CC72939ED7E00CFB540 /* Release */ = {
			isa = XCBuildConfiguration;
			buildSettings = {
				ASSETCATALOG_COMPILER_APPICON_NAME = AppIcon;
				ASSETCATALOG_COMPILER_GLOBAL_ACCENT_COLOR_NAME = AccentColor;
				CODE_SIGN_STYLE = Automatic;
				CURRENT_PROJECT_VERSION = 1;
				DEVELOPMENT_TEAM = B76Q6KN467;
				GENERATE_INFOPLIST_FILE = YES;
				INFOPLIST_FILE = "List and Search/App/Plist/Info.plist";
				INFOPLIST_KEY_LSApplicationCategoryType = "public.app-category.utilities";
				INFOPLIST_KEY_UIApplicationSupportsIndirectInputEvents = YES;
				INFOPLIST_KEY_UILaunchStoryboardName = LaunchScreen;
				INFOPLIST_KEY_UIMainStoryboardFile = Main;
				INFOPLIST_KEY_UIStatusBarStyle = "";
				INFOPLIST_KEY_UISupportedInterfaceOrientations = "UIInterfaceOrientationLandscapeLeft UIInterfaceOrientationLandscapeRight UIInterfaceOrientationPortrait";
				INFOPLIST_KEY_UISupportedInterfaceOrientations_iPad = "UIInterfaceOrientationLandscapeLeft UIInterfaceOrientationLandscapeRight UIInterfaceOrientationPortrait UIInterfaceOrientationPortraitUpsideDown";
				LD_RUNPATH_SEARCH_PATHS = (
					"$(inherited)",
					"@executable_path/Frameworks",
				);
				MARKETING_VERSION = 0.1;
				PRODUCT_BUNDLE_IDENTIFIER = "com.omerfkzr.List-and-Search";
				PRODUCT_NAME = "$(TARGET_NAME)";
				SUPPORTED_PLATFORMS = "iphoneos iphonesimulator";
				SUPPORTS_MACCATALYST = NO;
				SUPPORTS_MAC_DESIGNED_FOR_IPHONE_IPAD = NO;
				SWIFT_EMIT_LOC_STRINGS = YES;
				SWIFT_VERSION = 5.0;
				TARGETED_DEVICE_FAMILY = 1;
			};
			name = Release;
		};
/* End XCBuildConfiguration section */

/* Begin XCConfigurationList section */
		9D851CAC2939ED7D00CFB540 /* Build configuration list for PBXProject "List and Search" */ = {
			isa = XCConfigurationList;
			buildConfigurations = (
				9D851CC32939ED7E00CFB540 /* Debug */,
				9D851CC42939ED7E00CFB540 /* Release */,
			);
			defaultConfigurationIsVisible = 0;
			defaultConfigurationName = Release;
		};
		9D851CC52939ED7E00CFB540 /* Build configuration list for PBXNativeTarget "List and Search" */ = {
			isa = XCConfigurationList;
			buildConfigurations = (
				9D851CC62939ED7E00CFB540 /* Debug */,
				9D851CC72939ED7E00CFB540 /* Release */,
			);
			defaultConfigurationIsVisible = 0;
			defaultConfigurationName = Release;
		};
/* End XCConfigurationList section */
	};
	rootObject = 9D851CA92939ED7D00CFB540 /* Project object */;
}
